
Microsoft Visual Studio Solution File, Format Version 12.00
# Visual Studio Version 17
VisualStudioVersion = 17.0.32014.148
MinimumVisualStudioVersion = 10.0.40219.1
Project("{9A19103F-16F7-4668-BE54-9A1E7A4F7556}") = "StoreBL", "StoreBL\StoreBL.csproj", "{95F519FB-D938-4BD1-B465-B065E30EB8A3}"
EndProject
Project("{9A19103F-16F7-4668-BE54-9A1E7A4F7556}") = "StoreDL", "StoreDL\StoreDL.csproj", "{9FAF8C60-604E-4506-A7BD-D87A49031F4F}"
EndProject
Project("{9A19103F-16F7-4668-BE54-9A1E7A4F7556}") = "StoreModels", "StoreModels\StoreModels.csproj", "{D404A2F5-7581-423D-9D83-FB432DEFBD87}"
EndProject
Project("{9A19103F-16F7-4668-BE54-9A1E7A4F7556}") = "Tests", "Tests\Tests.csproj", "{0BF41B33-C554-461E-B235-64DC6020CB86}"
EndProject
Project("{FAE04EC0-301F-11D3-BF4B-00C04F79EFBC}") = "StoreWebAPI", "StoreWebAPI\StoreWebAPI.csproj", "{B291DF95-B3C9-4FB4-94ED-69FD5F1FA4E6}"
EndProject
Global
	GlobalSection(SolutionConfigurationPlatforms) = preSolution
		Debug|Any CPU = Debug|Any CPU
		Release|Any CPU = Release|Any CPU
	EndGlobalSection
	GlobalSection(ProjectConfigurationPlatforms) = postSolution
		{95F519FB-D938-4BD1-B465-B065E30EB8A3}.Debug|Any CPU.ActiveCfg = Debug|Any CPU
		{95F519FB-D938-4BD1-B465-B065E30EB8A3}.Debug|Any CPU.Build.0 = Debug|Any CPU
		{95F519FB-D938-4BD1-B465-B065E30EB8A3}.Release|Any CPU.ActiveCfg = Release|Any CPU
		{95F519FB-D938-4BD1-B465-B065E30EB8A3}.Release|Any CPU.Build.0 = Release|Any CPU
		{9FAF8C60-604E-4506-A7BD-D87A49031F4F}.Debug|Any CPU.ActiveCfg = Debug|Any CPU
		{9FAF8C60-604E-4506-A7BD-D87A49031F4F}.Debug|Any CPU.Build.0 = Debug|Any CPU
		{9FAF8C60-604E-4506-A7BD-D87A49031F4F}.Release|Any CPU.ActiveCfg = Release|Any CPU
		{9FAF8C60-604E-4506-A7BD-D87A49031F4F}.Release|Any CPU.Build.0 = Release|Any CPU
		{D404A2F5-7581-423D-9D83-FB432DEFBD87}.Debug|Any CPU.ActiveCfg = Debug|Any CPU
		{D404A2F5-7581-423D-9D83-FB432DEFBD87}.Debug|Any CPU.Build.0 = Debug|Any CPU
		{D404A2F5-7581-423D-9D83-FB432DEFBD87}.Release|Any CPU.ActiveCfg = Release|Any CPU
		{D404A2F5-7581-423D-9D83-FB432DEFBD87}.Release|Any CPU.Build.0 = Release|Any CPU
		{0BF41B33-C554-461E-B235-64DC6020CB86}.Debug|Any CPU.ActiveCfg = Debug|Any CPU
		{0BF41B33-C554-461E-B235-64DC6020CB86}.Debug|Any CPU.Build.0 = Debug|Any CPU
		{0BF41B33-C554-461E-B235-64DC6020CB86}.Release|Any CPU.ActiveCfg = Release|Any CPU
		{0BF41B33-C554-461E-B235-64DC6020CB86}.Release|Any CPU.Build.0 = Release|Any CPU
		{B291DF95-B3C9-4FB4-94ED-69FD5F1FA4E6}.Debug|Any CPU.ActiveCfg = Debug|Any CPU
		{B291DF95-B3C9-4FB4-94ED-69FD5F1FA4E6}.Debug|Any CPU.Build.0 = Debug|Any CPU
		{B291DF95-B3C9-4FB4-94ED-69FD5F1FA4E6}.Release|Any CPU.ActiveCfg = Release|Any CPU
		{B291DF95-B3C9-4FB4-94ED-69FD5F1FA4E6}.Release|Any CPU.Build.0 = Release|Any CPU
	EndGlobalSection
	GlobalSection(SolutionProperties) = preSolution
		HideSolutionNode = FALSE
	EndGlobalSection
	GlobalSection(ExtensibilityGlobals) = postSolution
		SolutionGuid = {DBDBCADB-4249-4346-B6AE-60D2F1C48220}
	EndGlobalSection
EndGlobal
